
Microsoft Visual Studio Solution File, Format Version 12.00
Project("{FAE04EC0-301F-11D3-BF4B-00C04F79EFBC}") = "Cafeteria.Toaster.API", "Cafeteria.Toaster.API\Cafeteria.Toaster.API.csproj", "{87C7C70E-9123-4410-B02D-E093CE05ECF1}"
EndProject
Global
	GlobalSection(SolutionConfigurationPlatforms) = preSolution
		Debug|Any CPU = Debug|Any CPU
		Release|Any CPU = Release|Any CPU
	EndGlobalSection
	GlobalSection(ProjectConfigurationPlatforms) = postSolution
		{87C7C70E-9123-4410-B02D-E093CE05ECF1}.Debug|Any CPU.ActiveCfg = Debug|Any CPU
		{87C7C70E-9123-4410-B02D-E093CE05ECF1}.Debug|Any CPU.Build.0 = Debug|Any CPU
		{87C7C70E-9123-4410-B02D-E093CE05ECF1}.Release|Any CPU.ActiveCfg = Release|Any CPU
		{87C7C70E-9123-4410-B02D-E093CE05ECF1}.Release|Any CPU.Build.0 = Release|Any CPU
	EndGlobalSection
EndGlobal
